
Microsoft Visual Studio Solution File, Format Version 12.00
# Visual Studio Version 16
VisualStudioVersion = 16.0.30225.117
MinimumVisualStudioVersion = 10.0.40219.1
Project("{9A19103F-16F7-4668-BE54-9A1E7A4F7556}") = "rDetallado_PedidosSuplidores", "rDetallado_PedidosSuplidores.csproj", "{38E4AE98-722E-4BF1-BDD9-6B384242C51F}"
EndProject
Global
	GlobalSection(SolutionConfigurationPlatforms) = preSolution
		Debug|Any CPU = Debug|Any CPU
		Release|Any CPU = Release|Any CPU
	EndGlobalSection
	GlobalSection(ProjectConfigurationPlatforms) = postSolution
		{38E4AE98-722E-4BF1-BDD9-6B384242C51F}.Debug|Any CPU.ActiveCfg = Debug|Any CPU
		{38E4AE98-722E-4BF1-BDD9-6B384242C51F}.Debug|Any CPU.Build.0 = Debug|Any CPU
		{38E4AE98-722E-4BF1-BDD9-6B384242C51F}.Release|Any CPU.ActiveCfg = Release|Any CPU
		{38E4AE98-722E-4BF1-BDD9-6B384242C51F}.Release|Any CPU.Build.0 = Release|Any CPU
	EndGlobalSection
	GlobalSection(SolutionProperties) = preSolution
		HideSolutionNode = FALSE
	EndGlobalSection
	GlobalSection(ExtensibilityGlobals) = postSolution
		SolutionGuid = {95DC289E-1190-4633-B939-15082F287678}
	EndGlobalSection
EndGlobal
